
Microsoft Visual Studio Solution File, Format Version 12.00
# Visual Studio Version 17
VisualStudioVersion = 17.4.33205.214
MinimumVisualStudioVersion = 10.0.40219.1
Project("{FAE04EC0-301F-11D3-BF4B-00C04F79EFBC}") = "Api", "API\Api.csproj", "{7B040AAC-83D4-499A-AF57-72A3C4BE60B8}"
EndProject
Project("{FAE04EC0-301F-11D3-BF4B-00C04F79EFBC}") = "Application", "Application\Application.csproj", "{9A132BAE-F43D-4727-B104-E70EBA159C53}"
EndProject
Project("{FAE04EC0-301F-11D3-BF4B-00C04F79EFBC}") = "Domain", "Domain\Domain.csproj", "{1AB28AC9-E294-4D99-A569-C1DA32A68F2D}"
EndProject
Project("{FAE04EC0-301F-11D3-BF4B-00C04F79EFBC}") = "Infrastructure", "Infrastructure\Infrastructure.csproj", "{5E14B50B-6C99-47CB-8F92-F0CF382D7E8E}"
EndProject
Global
	GlobalSection(SolutionConfigurationPlatforms) = preSolution
		Debug|Any CPU = Debug|Any CPU
		Release|Any CPU = Release|Any CPU
	EndGlobalSection
	GlobalSection(ProjectConfigurationPlatforms) = postSolution
		{7B040AAC-83D4-499A-AF57-72A3C4BE60B8}.Debug|Any CPU.ActiveCfg = Debug|Any CPU
		{7B040AAC-83D4-499A-AF57-72A3C4BE60B8}.Debug|Any CPU.Build.0 = Debug|Any CPU
		{7B040AAC-83D4-499A-AF57-72A3C4BE60B8}.Release|Any CPU.ActiveCfg = Release|Any CPU
		{7B040AAC-83D4-499A-AF57-72A3C4BE60B8}.Release|Any CPU.Build.0 = Release|Any CPU
		{9A132BAE-F43D-4727-B104-E70EBA159C53}.Debug|Any CPU.ActiveCfg = Debug|Any CPU
		{9A132BAE-F43D-4727-B104-E70EBA159C53}.Debug|Any CPU.Build.0 = Debug|Any CPU
		{9A132BAE-F43D-4727-B104-E70EBA159C53}.Release|Any CPU.ActiveCfg = Release|Any CPU
		{9A132BAE-F43D-4727-B104-E70EBA159C53}.Release|Any CPU.Build.0 = Release|Any CPU
		{1AB28AC9-E294-4D99-A569-C1DA32A68F2D}.Debug|Any CPU.ActiveCfg = Debug|Any CPU
		{1AB28AC9-E294-4D99-A569-C1DA32A68F2D}.Debug|Any CPU.Build.0 = Debug|Any CPU
		{1AB28AC9-E294-4D99-A569-C1DA32A68F2D}.Release|Any CPU.ActiveCfg = Release|Any CPU
		{1AB28AC9-E294-4D99-A569-C1DA32A68F2D}.Release|Any CPU.Build.0 = Release|Any CPU
		{5E14B50B-6C99-47CB-8F92-F0CF382D7E8E}.Debug|Any CPU.ActiveCfg = Debug|Any CPU
		{5E14B50B-6C99-47CB-8F92-F0CF382D7E8E}.Debug|Any CPU.Build.0 = Debug|Any CPU
		{5E14B50B-6C99-47CB-8F92-F0CF382D7E8E}.Release|Any CPU.ActiveCfg = Release|Any CPU
		{5E14B50B-6C99-47CB-8F92-F0CF382D7E8E}.Release|Any CPU.Build.0 = Release|Any CPU
	EndGlobalSection
	GlobalSection(SolutionProperties) = preSolution
		HideSolutionNode = FALSE
	EndGlobalSection
	GlobalSection(ExtensibilityGlobals) = postSolution
		SolutionGuid = {9D1636FB-56C3-4C64-94B4-2D62FE3F1E22}
	EndGlobalSection
EndGlobal
